
Microsoft Visual Studio Solution File, Format Version 12.00
# Visual Studio 15
VisualStudioVersion = 15.0.26430.6
MinimumVisualStudioVersion = 10.0.40219.1
Project("{F184B08F-C81C-45F6-A57F-5ABD9991F28F}") = "CSGOStats", "CSGOStats\CSGOStats.vbproj", "{10B47CE1-162E-4AB1-B6D9-4FF2CEDC9AF5}"
EndProject
Global
	GlobalSection(SolutionConfigurationPlatforms) = preSolution
		Debug|Any CPU = Debug|Any CPU
		Release|Any CPU = Release|Any CPU
	EndGlobalSection
	GlobalSection(ProjectConfigurationPlatforms) = postSolution
		{10B47CE1-162E-4AB1-B6D9-4FF2CEDC9AF5}.Debug|Any CPU.ActiveCfg = Debug|Any CPU
		{10B47CE1-162E-4AB1-B6D9-4FF2CEDC9AF5}.Debug|Any CPU.Build.0 = Debug|Any CPU
		{10B47CE1-162E-4AB1-B6D9-4FF2CEDC9AF5}.Release|Any CPU.ActiveCfg = Release|Any CPU
		{10B47CE1-162E-4AB1-B6D9-4FF2CEDC9AF5}.Release|Any CPU.Build.0 = Release|Any CPU
	EndGlobalSection
	GlobalSection(SolutionProperties) = preSolution
		HideSolutionNode = FALSE
	EndGlobalSection
EndGlobal
